PODS:
  - device_calendar (0.0.1):
    - Flutter
  - Flutter (1.0.0)
  - flutter_foreground_task (0.0.1):
    - Flutter
  - flutter_local_notifications (0.0.1):
    - Flutter
  - libwebp (1.6.0):
    - libwebp/demux (= 1.6.0)
    - libwebp/mux (= 1.6.0)
    - libwebp/sharpyuv (= 1.6.0)
    - libwebp/webp (= 1.6.0)
  - libwebp/demux (1.6.0):
    - libwebp/webp
  - libwebp/mux (1.6.0):
    - libwebp/demux
  - libwebp/sharpyuv (1.6.0)
  - libwebp/webp (1.6.0):
    - libwebp/sharpyuv
  - purchases_flutter (8.11.0):
    - Flutter
    - PurchasesHybridCommon (= 14.3.0)
  - PurchasesHybridCommon (14.3.0):
    - RevenueCat (= 5.32.0)
  - RevenueCat (5.32.0)
  - video_thumbnail (0.0.1):
    - Flutter
    - libwebp

DEPENDENCIES:
  - device_calendar (from `.symlinks/plugins/device_calendar/ios`)
  - Flutter (from `Flutter`)
  - flutter_foreground_task (from `.symlinks/plugins/flutter_foreground_task/ios`)
  - flutter_local_notifications (from `.symlinks/plugins/flutter_local_notifications/ios`)
  - purchases_flutter (from `.symlinks/plugins/purchases_flutter/ios`)
  - video_thumbnail (from `.symlinks/plugins/video_thumbnail/ios`)

SPEC REPOS:
  trunk:
    - libwebp
    - PurchasesHybridCommon
    - RevenueCat

EXTERNAL SOURCES:
  device_calendar:
    :path: ".symlinks/plugins/device_calendar/ios"
  Flutter:
    :path: Flutter
  flutter_foreground_task:
    :path: ".symlinks/plugins/flutter_foreground_task/ios"
  flutter_local_notifications:
    :path: ".symlinks/plugins/flutter_local_notifications/ios"
  purchases_flutter:
    :path: ".symlinks/plugins/purchases_flutter/ios"
  video_thumbnail:
    :path: ".symlinks/plugins/video_thumbnail/ios"

SPEC CHECKSUMS:
  device_calendar: 9cb33f88a02e19652ec7b8b122ca778f751b1f7b
  Flutter: 71a624a5bc0c04062bf19101d501e466baf2fb47
  flutter_foreground_task: 21ef182ab0a29a3005cc72cd70e5f45cb7f7f817
  flutter_local_notifications: 4cde75091f6327eb8517fa068a0a5950212d2086
  libwebp: af5937a13536ef73f3784d69cc342b98961acf33
  purchases_flutter: c1245d908efb42739b626d03905302c003d26811
  PurchasesHybridCommon: 7f0944cc5411bdcd1ea5d69affa6a6f9aaf87b13
  RevenueCat: 7e1d0768fb287c9983173c9b28e39ccbeeb828a9
  video_thumbnail: c4e2a3c539e247d4de13cd545344fd2d26ffafd1

PODFILE CHECKSUM: 3ba3a73b1b12adcf321a227a745625fe0888cc82

COCOAPODS: 1.17.0
